
Microsoft Visual Studio Solution File, Format Version 12.00
# Visual Studio Version 16
VisualStudioVersion = 16.0.29613.14
MinimumVisualStudioVersion = 10.0.40219.1
Project("{9A19103F-16F7-4668-BE54-9A1E7A4F7556}") = "MediaSystem.MediaServer", "MediaServer\MediaSystem.MediaServer.csproj", "{40153853-8AA1-484E-9D54-3DFE44F07110}"
EndProject
Project("{9A19103F-16F7-4668-BE54-9A1E7A4F7556}") = "MediaSystem.DesktopClientWPF", "MediaClientWPF\MediaSystem.DesktopClientWPF.csproj", "{85571189-503D-4A96-8FD7-CAFB6E7C3181}"
EndProject
Project("{9A19103F-16F7-4668-BE54-9A1E7A4F7556}") = "MediaSystem.Communications", "Communications\MediaSystem.Communications.csproj", "{58C5F573-30DD-4925-9AF6-7FC435BF16FD}"
EndProject
Global
	GlobalSection(SolutionConfigurationPlatforms) = preSolution
		Debug|Any CPU = Debug|Any CPU
		Release|Any CPU = Release|Any CPU
	EndGlobalSection
	GlobalSection(ProjectConfigurationPlatforms) = postSolution
		{40153853-8AA1-484E-9D54-3DFE44F07110}.Debug|Any CPU.ActiveCfg = Debug|Any CPU
		{40153853-8AA1-484E-9D54-3DFE44F07110}.Debug|Any CPU.Build.0 = Debug|Any CPU
		{40153853-8AA1-484E-9D54-3DFE44F07110}.Release|Any CPU.ActiveCfg = Release|Any CPU
		{40153853-8AA1-484E-9D54-3DFE44F07110}.Release|Any CPU.Build.0 = Release|Any CPU
		{85571189-503D-4A96-8FD7-CAFB6E7C3181}.Debug|Any CPU.ActiveCfg = GUITest|Any CPU
		{85571189-503D-4A96-8FD7-CAFB6E7C3181}.Debug|Any CPU.Build.0 = GUITest|Any CPU
		{85571189-503D-4A96-8FD7-CAFB6E7C3181}.Release|Any CPU.ActiveCfg = Release|Any CPU
		{85571189-503D-4A96-8FD7-CAFB6E7C3181}.Release|Any CPU.Build.0 = Release|Any CPU
		{58C5F573-30DD-4925-9AF6-7FC435BF16FD}.Debug|Any CPU.ActiveCfg = Debug|Any CPU
		{58C5F573-30DD-4925-9AF6-7FC435BF16FD}.Debug|Any CPU.Build.0 = Debug|Any CPU
		{58C5F573-30DD-4925-9AF6-7FC435BF16FD}.Release|Any CPU.ActiveCfg = Release|Any CPU
		{58C5F573-30DD-4925-9AF6-7FC435BF16FD}.Release|Any CPU.Build.0 = Release|Any CPU
	EndGlobalSection
	GlobalSection(SolutionProperties) = preSolution
		HideSolutionNode = FALSE
	EndGlobalSection
	GlobalSection(ExtensibilityGlobals) = postSolution
		SolutionGuid = {2774B41B-3AB3-4B40-8858-38A5710FE9D0}
	EndGlobalSection
EndGlobal
